
Microsoft Visual Studio Solution File, Format Version 12.00
# Visual Studio Version 17
VisualStudioVersion = 17.11.35312.102
MinimumVisualStudioVersion = 10.0.40219.1
Project("{FAE04EC0-301F-11D3-BF4B-00C04F79EFBC}") = "SimpleCalculator", "SimpleCalculator\SimpleCalculator.csproj", "{5650B38A-5089-4353-A465-7AC6C9903898}"
EndProject
Global
	GlobalSection(SolutionConfigurationPlatforms) = preSolution
		Debug|Any CPU = Debug|Any CPU
		Release|Any CPU = Release|Any CPU
	EndGlobalSection
	GlobalSection(ProjectConfigurationPlatforms) = postSolution
		{5650B38A-5089-4353-A465-7AC6C9903898}.Debug|Any CPU.ActiveCfg = Debug|Any CPU
		{5650B38A-5089-4353-A465-7AC6C9903898}.Debug|Any CPU.Build.0 = Debug|Any CPU
		{5650B38A-5089-4353-A465-7AC6C9903898}.Release|Any CPU.ActiveCfg = Release|Any CPU
		{5650B38A-5089-4353-A465-7AC6C9903898}.Release|Any CPU.Build.0 = Release|Any CPU
	EndGlobalSection
	GlobalSection(SolutionProperties) = preSolution
		HideSolutionNode = FALSE
	EndGlobalSection
	GlobalSection(ExtensibilityGlobals) = postSolution
		SolutionGuid = {CAEA58FF-44AD-4B08-AE00-8739CD4013E4}
	EndGlobalSection
EndGlobal
